
Microsoft Visual Studio Solution File, Format Version 12.00
# Visual Studio 14
VisualStudioVersion = 14.0.22609.0
MinimumVisualStudioVersion = 10.0.40219.1
Project("{FAE04EC0-301F-11D3-BF4B-00C04F79EFBC}") = "Dub.Web.Core", "Dub.Web.Core\Dub.Web.Core.csproj", "{DDC6F88E-CF1D-4924-BBE6-FE3733943BF4}"
EndProject
Project("{2150E333-8FDC-42A3-9474-1A3956D46DE8}") = "Solution Items", "Solution Items", "{EDF5A8FB-2EB4-4B8F-858F-C951D1489A1B}"
	ProjectSection(SolutionItems) = preProject
		CommonAssemblyInfo.cs = CommonAssemblyInfo.cs
		..\Nuget\Dub.Core\dub.core.nuspec = ..\Nuget\Dub.Core\dub.core.nuspec
		..\Nuget\Dub.Web.Identity\dub.identity.nuspec = ..\Nuget\Dub.Web.Identity\dub.identity.nuspec
		..\Nuget\Dub.Web.Mvc\dub.mvc.nuspec = ..\Nuget\Dub.Web.Mvc\dub.mvc.nuspec
		..\README.md = ..\README.md
		Settings.StyleCop = Settings.StyleCop
	EndProjectSection
EndProject
Project("{FAE04EC0-301F-11D3-BF4B-00C04F79EFBC}") = "Dub.Web.Identity", "Dub.Web.Identity\Dub.Web.Identity.csproj", "{C28AB374-1C20-45D7-BF60-90F9C15BD298}"
EndProject
Project("{FAE04EC0-301F-11D3-BF4B-00C04F79EFBC}") = "Dub.Web.Mvc", "Dub.Web.Mvc\Dub.Web.Mvc.csproj", "{0123EC61-ACC7-4593-A455-9F431D3C0ED2}"
EndProject
Global
	GlobalSection(SolutionConfigurationPlatforms) = preSolution
		Debug|Any CPU = Debug|Any CPU
		Release|Any CPU = Release|Any CPU
	EndGlobalSection
	GlobalSection(ProjectConfigurationPlatforms) = postSolution
		{DDC6F88E-CF1D-4924-BBE6-FE3733943BF4}.Debug|Any CPU.ActiveCfg = Debug|Any CPU
		{DDC6F88E-CF1D-4924-BBE6-FE3733943BF4}.Debug|Any CPU.Build.0 = Debug|Any CPU
		{DDC6F88E-CF1D-4924-BBE6-FE3733943BF4}.Release|Any CPU.ActiveCfg = Release|Any CPU
		{DDC6F88E-CF1D-4924-BBE6-FE3733943BF4}.Release|Any CPU.Build.0 = Release|Any CPU
		{C28AB374-1C20-45D7-BF60-90F9C15BD298}.Debug|Any CPU.ActiveCfg = Debug|Any CPU
		{C28AB374-1C20-45D7-BF60-90F9C15BD298}.Debug|Any CPU.Build.0 = Debug|Any CPU
		{C28AB374-1C20-45D7-BF60-90F9C15BD298}.Release|Any CPU.ActiveCfg = Release|Any CPU
		{C28AB374-1C20-45D7-BF60-90F9C15BD298}.Release|Any CPU.Build.0 = Release|Any CPU
		{0123EC61-ACC7-4593-A455-9F431D3C0ED2}.Debug|Any CPU.ActiveCfg = Debug|Any CPU
		{0123EC61-ACC7-4593-A455-9F431D3C0ED2}.Debug|Any CPU.Build.0 = Debug|Any CPU
		{0123EC61-ACC7-4593-A455-9F431D3C0ED2}.Release|Any CPU.ActiveCfg = Release|Any CPU
		{0123EC61-ACC7-4593-A455-9F431D3C0ED2}.Release|Any CPU.Build.0 = Release|Any CPU
	EndGlobalSection
	GlobalSection(SolutionProperties) = preSolution
		HideSolutionNode = FALSE
	EndGlobalSection
EndGlobal
