
Microsoft Visual Studio Solution File, Format Version 12.00
# Visual Studio 15
VisualStudioVersion = 15.0.26730.12
MinimumVisualStudioVersion = 10.0.40219.1
Project("{2150E333-8FDC-42A3-9474-1A3956D46DE8}") = "Solution Items", "Solution Items", "{EDF5A8FB-2EB4-4B8F-858F-C951D1489A1B}"
	ProjectSection(SolutionItems) = preProject
		CommonAssemblyInfo.cs = CommonAssemblyInfo.cs
		CustomDictionary.xml = CustomDictionary.xml
		..\Nuget\Dub.Core\dub.core.nuspec = ..\Nuget\Dub.Core\dub.core.nuspec
		..\Nuget\Dub.Web.Identity\dub.identity.nuspec = ..\Nuget\Dub.Web.Identity\dub.identity.nuspec
		..\Nuget\Dub.Web.Mvc\dub.mvc.nuspec = ..\Nuget\Dub.Web.Mvc\dub.mvc.nuspec
		..\global.json = ..\global.json
		..\nuget.proj = ..\nuget.proj
		..\README.md = ..\README.md
		Settings.StyleCop = Settings.StyleCop
	EndProjectSection
EndProject
Project("{9A19103F-16F7-4668-BE54-9A1E7A4F7556}") = "Dub.Web.Core", "Dub.Web.Core\Dub.Web.Core.csproj", "{9FD50775-5277-4768-9C63-E94E245D990E}"
EndProject
Project("{9A19103F-16F7-4668-BE54-9A1E7A4F7556}") = "Dub.Web.Identity", "Dub.Web.Identity\Dub.Web.Identity.csproj", "{564D7500-801D-4984-87E0-4F767EA1224F}"
EndProject
Project("{9A19103F-16F7-4668-BE54-9A1E7A4F7556}") = "Dub.Web.Mvc", "Dub.Web.Mvc\Dub.Web.Mvc.csproj", "{077B0748-9F20-4401-B8B6-AEF5FE457AD4}"
EndProject
Project("{9A19103F-16F7-4668-BE54-9A1E7A4F7556}") = "Dub.Web.Dto", "Dub.Web.Dto\Dub.Web.Dto.csproj", "{7CDA59DF-8FC9-481D-80D3-1D824DC43038}"
EndProject
Global
	GlobalSection(SolutionConfigurationPlatforms) = preSolution
		Debug|Any CPU = Debug|Any CPU
		Release|Any CPU = Release|Any CPU
	EndGlobalSection
	GlobalSection(ProjectConfigurationPlatforms) = postSolution
		{9FD50775-5277-4768-9C63-E94E245D990E}.Debug|Any CPU.ActiveCfg = Debug|Any CPU
		{9FD50775-5277-4768-9C63-E94E245D990E}.Debug|Any CPU.Build.0 = Debug|Any CPU
		{9FD50775-5277-4768-9C63-E94E245D990E}.Release|Any CPU.ActiveCfg = Release|Any CPU
		{9FD50775-5277-4768-9C63-E94E245D990E}.Release|Any CPU.Build.0 = Release|Any CPU
		{564D7500-801D-4984-87E0-4F767EA1224F}.Debug|Any CPU.ActiveCfg = Debug|Any CPU
		{564D7500-801D-4984-87E0-4F767EA1224F}.Debug|Any CPU.Build.0 = Debug|Any CPU
		{564D7500-801D-4984-87E0-4F767EA1224F}.Release|Any CPU.ActiveCfg = Release|Any CPU
		{564D7500-801D-4984-87E0-4F767EA1224F}.Release|Any CPU.Build.0 = Release|Any CPU
		{077B0748-9F20-4401-B8B6-AEF5FE457AD4}.Debug|Any CPU.ActiveCfg = Debug|Any CPU
		{077B0748-9F20-4401-B8B6-AEF5FE457AD4}.Debug|Any CPU.Build.0 = Debug|Any CPU
		{077B0748-9F20-4401-B8B6-AEF5FE457AD4}.Release|Any CPU.ActiveCfg = Release|Any CPU
		{077B0748-9F20-4401-B8B6-AEF5FE457AD4}.Release|Any CPU.Build.0 = Release|Any CPU
		{7CDA59DF-8FC9-481D-80D3-1D824DC43038}.Debug|Any CPU.ActiveCfg = Debug|Any CPU
		{7CDA59DF-8FC9-481D-80D3-1D824DC43038}.Debug|Any CPU.Build.0 = Debug|Any CPU
		{7CDA59DF-8FC9-481D-80D3-1D824DC43038}.Release|Any CPU.ActiveCfg = Release|Any CPU
		{7CDA59DF-8FC9-481D-80D3-1D824DC43038}.Release|Any CPU.Build.0 = Release|Any CPU
	EndGlobalSection
	GlobalSection(SolutionProperties) = preSolution
		HideSolutionNode = FALSE
	EndGlobalSection
	GlobalSection(ExtensibilityGlobals) = postSolution
		SolutionGuid = {9AFA557E-2582-477A-9160-C295B59CB63A}
	EndGlobalSection
EndGlobal
